// !$*UTF8*$!
{
	archiveVersion = 1;
	classes = {
	};
	objectVersion = 46;
	objects = {

/* Begin PBXBuildFile section */
		2281F1121BC321AA00D5B630 /* AppDelegate.swift in Sources */ = {isa = PBXBuildFile; fileRef = 2281F1111BC321AA00D5B630 /* AppDelegate.swift */; };
		2281F1141BC321AA00D5B630 /* ViewController.swift in Sources */ = {isa = PBXBuildFile; fileRef = 2281F1131BC321AA00D5B630 /* ViewController.swift */; };
		2281F1171BC321AA00D5B630 /* Main.storyboard in Resources */ = {isa = PBXBuildFile; fileRef = 2281F1151BC321AA00D5B630 /* Main.storyboard */; };
		2281F1191BC321AA00D5B630 /* Images.xcassets in Resources */ = {isa = PBXBuildFile; fileRef = 2281F1181BC321AA00D5B630 /* Images.xcassets */; };
		2281F11C1BC321AA00D5B630 /* LaunchScreen.xib in Resources */ = {isa = PBXBuildFile; fileRef = 2281F11A1BC321AA00D5B630 /* LaunchScreen.xib */; };
		2281F1281BC321AA00D5B630 /* _1Tests.swift in Sources */ = {isa = PBXBuildFile; fileRef = 2281F1271BC321AA00D5B630 /* _1Tests.swift */; };
/* End PBXBuildFile section */

/* Begin PBXContainerItemProxy section */
		2281F1221BC321AA00D5B630 /* PBXContainerItemProxy */ = {
			isa = PBXContainerItemProxy;
			containerPortal = 2281F1041BC321AA00D5B630 /* Project object */;
			proxyType = 1;
			remoteGlobalIDString = 2281F10B1BC321AA00D5B630;
			remoteInfo = 21;
		};
/* End PBXContainerItemProxy section */

/* Begin PBXFileReference section */
		2281F10C1BC321AA00D5B630 /* 21.app */ = {isa = PBXFileReference; explicitFileType = wrapper.application; includeInIndex = 0; path = 21.app; sourceTree = BUILT_PRODUCTS_DIR; };
		2281F1101BC321AA00D5B630 /* Info.plist */ = {isa = PBXFileReference; lastKnownFileType = text.plist.xml; path = Info.plist; sourceTree = "<group>"; };
		2281F1111BC321AA00D5B630 /* AppDelegate.swift */ = {isa = PBXFileReference; lastKnownFileType = sourcecode.swift; path = AppDelegate.swift; sourceTree = "<group>"; };
		2281F1131BC321AA00D5B630 /* ViewController.swift */ = {isa = PBXFileReference; lastKnownFileType = sourcecode.swift; path = ViewController.swift; sourceTree = "<group>"; };
		2281F1161BC321AA00D5B630 /* Base */ = {isa = PBXFileReference; lastKnownFileType = file.storyboard; name = Base; path = Base.lproj/Main.storyboard; sourceTree = "<group>"; };
		2281F1181BC321AA00D5B630 /* Images.xcassets */ = {isa = PBXFileReference; lastKnownFileType = folder.assetcatalog; path = Images.xcassets; sourceTree = "<group>"; };
		2281F11B1BC321AA00D5B630 /* Base */ = {isa = PBXFileReference; lastKnownFileType = file.xib; name = Base; path = Base.lproj/LaunchScreen.xib; sourceTree = "<group>"; };
		2281F1211BC321AA00D5B630 /* 21Tests.xctest */ = {isa = PBXFileReference; explicitFileType = wrapper.cfbundle; includeInIndex = 0; path = 21Tests.xctest; sourceTree = BUILT_PRODUCTS_DIR; };
		2281F1261BC321AA00D5B630 /* Info.plist */ = {isa = PBXFileReference; lastKnownFileType = text.plist.xml; path = Info.plist; sourceTree = "<group>"; };
		2281F1271BC321AA00D5B630 /* _1Tests.swift */ = {isa = PBXFileReference; lastKnownFileType = sourcecode.swift; path = _1Tests.swift; sourceTree = "<group>"; };
/* End PBXFileReference section */

/* Begin PBXFrameworksBuildPhase section */
		2281F1091BC321AA00D5B630 /* Frameworks */ = {
			isa = PBXFrameworksBuildPhase;
			buildActionMask = 2147483647;
			files = (
			);
			runOnlyForDeploymentPostprocessing = 0;
		};
		2281F11E1BC321AA00D5B630 /* Frameworks */ = {
			isa = PBXFrameworksBuildPhase;
			buildActionMask = 2147483647;
			files = (
			);
			runOnlyForDeploymentPostprocessing = 0;
		};
/* End PBXFrameworksBuildPhase section */

/* Begin PBXGroup section */
		2281F1031BC321AA00D5B630 = {
			isa = PBXGroup;
			children = (
				2281F10E1BC321AA00D5B630 /* 21 */,
				2281F1241BC321AA00D5B630 /* 21Tests */,
				2281F10D1BC321AA00D5B630 /* Products */,
			);
			sourceTree = "<group>";
		};
		2281F10D1BC321AA00D5B630 /* Products */ = {
			isa = PBXGroup;
			children = (
				2281F10C1BC321AA00D5B630 /* 21.app */,
				2281F1211BC321AA00D5B630 /* 21Tests.xctest */,
			);
			name = Products;
			sourceTree = "<group>";
		};
		2281F10E1BC321AA00D5B630 /* 21 */ = {
			isa = PBXGroup;
			children = (
				2281F1111BC321AA00D5B630 /* AppDelegate.swift */,
				2281F1131BC321AA00D5B630 /* ViewController.swift */,
				2281F1151BC321AA00D5B630 /* Main.storyboard */,
				2281F1181BC321AA00D5B630 /* Images.xcassets */,
				2281F11A1BC321AA00D5B630 /* LaunchScreen.xib */,
				2281F10F1BC321AA00D5B630 /* Supporting Files */,
			);
			path = 21;
			sourceTree = "<group>";
		};
		2281F10F1BC321AA00D5B630 /* Supporting Files */ = {
			isa = PBXGroup;
			children = (
				2281F1101BC321AA00D5B630 /* Info.plist */,
			);
			name = "Supporting Files";
			sourceTree = "<group>";
		};
		2281F1241BC321AA00D5B630 /* 21Tests */ = {
			isa = PBXGroup;
			children = (
				2281F1271BC321AA00D5B630 /* _1Tests.swift */,
				2281F1251BC321AA00D5B630 /* Supporting Files */,
			);
			path = 21Tests;
			sourceTree = "<group>";
		};
		2281F1251BC321AA00D5B630 /* Supporting Files */ = {
			isa = PBXGroup;
			children = (
				2281F1261BC321AA00D5B630 /* Info.plist */,
			);
			name = "Supporting Files";
			sourceTree = "<group>";
		};
/* End PBXGroup section */

/* Begin PBXNativeTarget section */
		2281F10B1BC321AA00D5B630 /* 21 */ = {
			isa = PBXNativeTarget;
			buildConfigurationList = 2281F12B1BC321AA00D5B630 /* Build configuration list for PBXNativeTarget "21" */;
			buildPhases = (
				2281F1081BC321AA00D5B630 /* Sources */,
				2281F1091BC321AA00D5B630 /* Frameworks */,
				2281F10A1BC321AA00D5B630 /* Resources */,
			);
			buildRules = (
			);
			dependencies = (
			);
			name = 21;
			productName = 21;
			productReference = 2281F10C1BC321AA00D5B630 /* 21.app */;
			productType = "com.apple.product-type.application";
		};
		2281F1201BC321AA00D5B630 /* 21Tests */ = {
			isa = PBXNativeTarget;
			buildConfigurationList = 2281F12E1BC321AA00D5B630 /* Build configuration list for PBXNativeTarget "21Tests" */;
			buildPhases = (
				2281F11D1BC321AA00D5B630 /* Sources */,
				2281F11E1BC321AA00D5B630 /* Frameworks */,
				2281F11F1BC321AA00D5B630 /* Resources */,
			);
			buildRules = (
			);
			dependencies = (
				2281F1231BC321AA00D5B630 /* PBXTargetDependency */,
			);
			name = 21Tests;
			productName = 21Tests;
			productReference = 2281F1211BC321AA00D5B630 /* 21Tests.xctest */;
			productType = "com.apple.product-type.bundle.unit-test";
		};
/* End PBXNativeTarget section */

/* Begin PBXProject section */
		2281F1041BC321AA00D5B630 /* Project object */ = {
			isa = PBXProject;
			attributes = {
				LastUpgradeCheck = 0640;
				ORGANIZATIONNAME = "Ilyes HERMELLIN";
				TargetAttributes = {
					2281F10B1BC321AA00D5B630 = {
						CreatedOnToolsVersion = 6.4;
					};
					2281F1201BC321AA00D5B630 = {
						CreatedOnToolsVersion = 6.4;
						TestTargetID = 2281F10B1BC321AA00D5B630;
					};
				};
			};
			buildConfigurationList = 2281F1071BC321AA00D5B630 /* Build configuration list for PBXProject "21" */;
			compatibilityVersion = "Xcode 3.2";
			developmentRegion = English;
			hasScannedForEncodings = 0;
			knownRegions = (
				en,
				Base,
			);
			mainGroup = 2281F1031BC321AA00D5B630;
			productRefGroup = 2281F10D1BC321AA00D5B630 /* Products */;
			projectDirPath = "";
			projectRoot = "";
			targets = (
				2281F10B1BC321AA00D5B630 /* 21 */,
				2281F1201BC321AA00D5B630 /* 21Tests */,
			);
		};
/* End PBXProject section */

/* Begin PBXResourcesBuildPhase section */
		2281F10A1BC321AA00D5B630 /* Resources */ = {
			isa = PBXResourcesBuildPhase;
			buildActionMask = 2147483647;
			files = (
				2281F1171BC321AA00D5B630 /* Main.storyboard in Resources */,
				2281F11C1BC321AA00D5B630 /* LaunchScreen.xib in Resources */,
				2281F1191BC321AA00D5B630 /* Images.xcassets in Resources */,
			);
			runOnlyForDeploymentPostprocessing = 0;
		};
		2281F11F1BC321AA00D5B630 /* Resources */ = {
			isa = PBXResourcesBuildPhase;
			buildActionMask = 2147483647;
			files = (
			);
			runOnlyForDeploymentPostprocessing = 0;
		};
/* End PBXResourcesBuildPhase section */

/* Begin PBXSourcesBuildPhase section */
		2281F1081BC321AA00D5B630 /* Sources */ = {
			isa = PBXSourcesBuildPhase;
			buildActionMask = 2147483647;
			files = (
				2281F1141BC321AA00D5B630 /* ViewController.swift in Sources */,
				2281F1121BC321AA00D5B630 /* AppDelegate.swift in Sources */,
			);
			runOnlyForDeploymentPostprocessing = 0;
		};
		2281F11D1BC321AA00D5B630 /* Sources */ = {
			isa = PBXSourcesBuildPhase;
			buildActionMask = 2147483647;
			files = (
				2281F1281BC321AA00D5B630 /* _1Tests.swift in Sources */,
			);
			runOnlyForDeploymentPostprocessing = 0;
		};
/* End PBXSourcesBuildPhase section */

/* Begin PBXTargetDependency section */
		2281F1231BC321AA00D5B630 /* PBXTargetDependency */ = {
			isa = PBXTargetDependency;
			target = 2281F10B1BC321AA00D5B630 /* 21 */;
			targetProxy = 2281F1221BC321AA00D5B630 /* PBXContainerItemProxy */;
		};
/* End PBXTargetDependency section */

/* Begin PBXVariantGroup section */
		2281F1151BC321AA00D5B630 /* Main.storyboard */ = {
			isa = PBXVariantGroup;
			children = (
				2281F1161BC321AA00D5B630 /* Base */,
			);
			name = Main.storyboard;
			sourceTree = "<group>";
		};
		2281F11A1BC321AA00D5B630 /* LaunchScreen.xib */ = {
			isa = PBXVariantGroup;
			children = (
				2281F11B1BC321AA00D5B630 /* Base */,
			);
			name = LaunchScreen.xib;
			sourceTree = "<group>";
		};
/* End PBXVariantGroup section */

/* Begin XCBuildConfiguration section */
		2281F1291BC321AA00D5B630 /* Debug */ = {
			isa = XCBuildConfiguration;
			buildSettings = {
				ALWAYS_SEARCH_USER_PATHS = NO;
				CLANG_CXX_LANGUAGE_STANDARD = "gnu++0x";
				CLANG_CXX_LIBRARY = "libc++";
				CLANG_ENABLE_MODULES = YES;
				CLANG_ENABLE_OBJC_ARC = YES;
				CLANG_WARN_BOOL_CONVERSION = YES;
				CLANG_WARN_CONSTANT_CONVERSION = YES;
				CLANG_WARN_DIRECT_OBJC_ISA_USAGE = YES_ERROR;
				CLANG_WARN_EMPTY_BODY = YES;
				CLANG_WARN_ENUM_CONVERSION = YES;
				CLANG_WARN_INT_CONVERSION = YES;
				CLANG_WARN_OBJC_ROOT_CLASS = YES_ERROR;
				CLANG_WARN_UNREACHABLE_CODE = YES;
				CLANG_WARN__DUPLICATE_METHOD_MATCH = YES;
				"CODE_SIGN_IDENTITY[sdk=iphoneos*]" = "iPhone Developer";
				COPY_PHASE_STRIP = NO;
				DEBUG_INFORMATION_FORMAT = "dwarf-with-dsym";
				ENABLE_STRICT_OBJC_MSGSEND = YES;
				GCC_C_LANGUAGE_STANDARD = gnu99;
				GCC_DYNAMIC_NO_PIC = NO;
				GCC_NO_COMMON_BLOCKS = YES;
				GCC_OPTIMIZATION_LEVEL = 0;
				GCC_PREPROCESSOR_DEFINITIONS = (
					"DEBUG=1",
					"$(inherited)",
				);
				GCC_SYMBOLS_PRIVATE_EXTERN = NO;
				GCC_WARN_64_TO_32_BIT_CONVERSION = YES;
				GCC_WARN_ABOUT_RETURN_TYPE = YES_ERROR;
				GCC_WARN_UNDECLARED_SELECTOR = YES;
				GCC_WARN_UNINITIALIZED_AUTOS = YES_AGGRESSIVE;
				GCC_WARN_UNUSED_FUNCTION = YES;
				GCC_WARN_UNUSED_VARIABLE = YES;
				IPHONEOS_DEPLOYMENT_TARGET = 8.4;
				MTL_ENABLE_DEBUG_INFO = YES;
				ONLY_ACTIVE_ARCH = YES;
				SDKROOT = iphoneos;
				SWIFT_OPTIMIZATION_LEVEL = "-Onone";
			};
			name = Debug;
		};
		2281F12A1BC321AA00D5B630 /* Release */ = {
			isa = XCBuildConfiguration;
			buildSettings = {
				ALWAYS_SEARCH_USER_PATHS = NO;
				CLANG_CXX_LANGUAGE_STANDARD = "gnu++0x";
				CLANG_CXX_LIBRARY = "libc++";
				CLANG_ENABLE_MODULES = YES;
				CLANG_ENABLE_OBJC_ARC = YES;
				CLANG_WARN_BOOL_CONVERSION = YES;
				CLANG_WARN_CONSTANT_CONVERSION = YES;
				CLANG_WARN_DIRECT_OBJC_ISA_USAGE = YES_ERROR;
				CLANG_WARN_EMPTY_BODY = YES;
				CLANG_WARN_ENUM_CONVERSION = YES;
				CLANG_WARN_INT_CONVERSION = YES;
				CLANG_WARN_OBJC_ROOT_CLASS = YES_ERROR;
				CLANG_WARN_UNREACHABLE_CODE = YES;
				CLANG_WARN__DUPLICATE_METHOD_MATCH = YES;
				"CODE_SIGN_IDENTITY[sdk=iphoneos*]" = "iPhone Developer";
				COPY_PHASE_STRIP = NO;
				DEBUG_INFORMATION_FORMAT = "dwarf-with-dsym";
				ENABLE_NS_ASSERTIONS = NO;
				ENABLE_STRICT_OBJC_MSGSEND = YES;
				GCC_C_LANGUAGE_STANDARD = gnu99;
				GCC_NO_COMMON_BLOCKS = YES;
				GCC_WARN_64_TO_32_BIT_CONVERSION = YES;
				GCC_WARN_ABOUT_RETURN_TYPE = YES_ERROR;
				GCC_WARN_UNDECLARED_SELECTOR = YES;
				GCC_WARN_UNINITIALIZED_AUTOS = YES_AGGRESSIVE;
				GCC_WARN_UNUSED_FUNCTION = YES;
				GCC_WARN_UNUSED_VARIABLE = YES;
				IPHONEOS_DEPLOYMENT_TARGET = 8.4;
				MTL_ENABLE_DEBUG_INFO = NO;
				SDKROOT = iphoneos;
				VALIDATE_PRODUCT = YES;
			};
			name = Release;
		};
		2281F12C1BC321AA00D5B630 /* Debug */ = {
			isa = XCBuildConfiguration;
			buildSettings = {
				ASSETCATALOG_COMPILER_APPICON_NAME = AppIcon;
				INFOPLIST_FILE = 21/Info.plist;
				LD_RUNPATH_SEARCH_PATHS = "$(inherited) @executable_path/Frameworks";
				PRODUCT_NAME = "$(TARGET_NAME)";
			};
			name = Debug;
		};
		2281F12D1BC321AA00D5B630 /* Release */ = {
			isa = XCBuildConfiguration;
			buildSettings = {
				ASSETCATALOG_COMPILER_APPICON_NAME = AppIcon;
				INFOPLIST_FILE = 21/Info.plist;
				LD_RUNPATH_SEARCH_PATHS = "$(inherited) @executable_path/Frameworks";
				PRODUCT_NAME = "$(TARGET_NAME)";
			};
			name = Release;
		};
		2281F12F1BC321AA00D5B630 /* Debug */ = {
			isa = XCBuildConfiguration;
			buildSettings = {
				BUNDLE_LOADER = "$(TEST_HOST)";
				FRAMEWORK_SEARCH_PATHS = (
					"$(SDKROOT)/Developer/Library/Frameworks",
					"$(inherited)",
				);
				GCC_PREPROCESSOR_DEFINITIONS = (
					"DEBUG=1",
					"$(inherited)",
				);
				INFOPLIST_FILE = 21Tests/Info.plist;
				LD_RUNPATH_SEARCH_PATHS = "$(inherited) @executable_path/Frameworks @loader_path/Frameworks";
				PRODUCT_NAME = "$(TARGET_NAME)";
				TEST_HOST = "$(BUILT_PRODUCTS_DIR)/21.app/21";
			};
			name = Debug;
		};
		2281F1301BC321AA00D5B630 /* Release */ = {
			isa = XCBuildConfiguration;
			buildSettings = {
				BUNDLE_LOADER = "$(TEST_HOST)";
				FRAMEWORK_SEARCH_PATHS = (
					"$(SDKROOT)/Developer/Library/Frameworks",
					"$(inherited)",
				);
				INFOPLIST_FILE = 21Tests/Info.plist;
				LD_RUNPATH_SEARCH_PATHS = "$(inherited) @executable_path/Frameworks @loader_path/Frameworks";
				PRODUCT_NAME = "$(TARGET_NAME)";
				TEST_HOST = "$(BUILT_PRODUCTS_DIR)/21.app/21";
			};
			name = Release;
		};
/* End XCBuildConfiguration section */

/* Begin XCConfigurationList section */
		2281F1071BC321AA00D5B630 /* Build configuration list for PBXProject "21" */ = {
			isa = XCConfigurationList;
			buildConfigurations = (
				2281F1291BC321AA00D5B630 /* Debug */,
				2281F12A1BC321AA00D5B630 /* Release */,
			);
			defaultConfigurationIsVisible = 0;
			defaultConfigurationName = Release;
		};
		2281F12B1BC321AA00D5B630 /* Build configuration list for PBXNativeTarget "21" */ = {
			isa = XCConfigurationList;
			buildConfigurations = (
				2281F12C1BC321AA00D5B630 /* Debug */,
				2281F12D1BC321AA00D5B630 /* Release */,
			);
			defaultConfigurationIsVisible = 0;
		};
		2281F12E1BC321AA00D5B630 /* Build configuration list for PBXNativeTarget "21Tests" */ = {
			isa = XCConfigurationList;
			buildConfigurations = (
				2281F12F1BC321AA00D5B630 /* Debug */,
				2281F1301BC321AA00D5B630 /* Release */,
			);
			defaultConfigurationIsVisible = 0;
		};
/* End XCConfigurationList section */
	};
	rootObject = 2281F1041BC321AA00D5B630 /* Project object */;
}
